
Microsoft Visual Studio Solution File, Format Version 12.00
# Visual Studio Version 17
VisualStudioVersion = 17.3.32922.545
MinimumVisualStudioVersion = 10.0.40219.1
Project("{FAE04EC0-301F-11D3-BF4B-00C04F79EFBC}") = "EF Test", "EF Test\EF Test.csproj", "{B411A562-82F2-44EF-A976-8EC8DCAC0079}"
EndProject
Global
	GlobalSection(SolutionConfigurationPlatforms) = preSolution
		Debug|Any CPU = Debug|Any CPU
		Release|Any CPU = Release|Any CPU
	EndGlobalSection
	GlobalSection(ProjectConfigurationPlatforms) = postSolution
		{B411A562-82F2-44EF-A976-8EC8DCAC0079}.Debug|Any CPU.ActiveCfg = Debug|Any CPU
		{B411A562-82F2-44EF-A976-8EC8DCAC0079}.Debug|Any CPU.Build.0 = Debug|Any CPU
		{B411A562-82F2-44EF-A976-8EC8DCAC0079}.Release|Any CPU.ActiveCfg = Release|Any CPU
		{B411A562-82F2-44EF-A976-8EC8DCAC0079}.Release|Any CPU.Build.0 = Release|Any CPU
	EndGlobalSection
	GlobalSection(SolutionProperties) = preSolution
		HideSolutionNode = FALSE
	EndGlobalSection
	GlobalSection(ExtensibilityGlobals) = postSolution
		SolutionGuid = {1043D5D1-6EB7-4843-AA44-4C1C33CC4A3B}
	EndGlobalSection
EndGlobal
